// !$*UTF8*$!
{
	archiveVersion = 1;
	classes = {
	};
	objectVersion = 55;
	objects = {

/* Begin PBXBuildFile section */
		1164F620271D866200B8ADEC /* AppDelegate.swift in Sources */ = {isa = PBXBuildFile; fileRef = 1164F61F271D866200B8ADEC /* AppDelegate.swift */; };
		1164F622271D866200B8ADEC /* SceneDelegate.swift in Sources */ = {isa = PBXBuildFile; fileRef = 1164F621271D866200B8ADEC /* SceneDelegate.swift */; };
		1164F624271D866200B8ADEC /* ViewController.swift in Sources */ = {isa = PBXBuildFile; fileRef = 1164F623271D866200B8ADEC /* ViewController.swift */; };
		1164F627271D866200B8ADEC /* Main.storyboard in Resources */ = {isa = PBXBuildFile; fileRef = 1164F625271D866200B8ADEC /* Main.storyboard */; };
		1164F629271D866300B8ADEC /* Assets.xcassets in Resources */ = {isa = PBXBuildFile; fileRef = 1164F628271D866300B8ADEC /* Assets.xcassets */; };
		1164F62C271D866300B8ADEC /* LaunchScreen.storyboard in Resources */ = {isa = PBXBuildFile; fileRef = 1164F62A271D866300B8ADEC /* LaunchScreen.storyboard */; };
		1164F637271D866300B8ADEC /* C1Tests.swift in Sources */ = {isa = PBXBuildFile; fileRef = 1164F636271D866300B8ADEC /* C1Tests.swift */; };
		1164F641271D866300B8ADEC /* C1UITests.swift in Sources */ = {isa = PBXBuildFile; fileRef = 1164F640271D866300B8ADEC /* C1UITests.swift */; };
		1164F643271D866300B8ADEC /* C1UITestsLaunchTests.swift in Sources */ = {isa = PBXBuildFile; fileRef = 1164F642271D866300B8ADEC /* C1UITestsLaunchTests.swift */; };
		1164F654271DBD6C00B8ADEC /* roundButton.swift in Sources */ = {isa = PBXBuildFile; fileRef = 1164F653271DBD6C00B8ADEC /* roundButton.swift */; };
/* End PBXBuildFile section */

/* Begin PBXContainerItemProxy section */
		1164F633271D866300B8ADEC /* PBXContainerItemProxy */ = {
			isa = PBXContainerItemProxy;
			containerPortal = 1164F614271D866200B8ADEC /* Project object */;
			proxyType = 1;
			remoteGlobalIDString = 1164F61B271D866200B8ADEC;
			remoteInfo = C1;
		};
		1164F63D271D866300B8ADEC /* PBXContainerItemProxy */ = {
			isa = PBXContainerItemProxy;
			containerPortal = 1164F614271D866200B8ADEC /* Project object */;
			proxyType = 1;
			remoteGlobalIDString = 1164F61B271D866200B8ADEC;
			remoteInfo = C1;
		};
/* End PBXContainerItemProxy section */

/* Begin PBXFileReference section */
		1164F61C271D866200B8ADEC /* C1.app */ = {isa = PBXFileReference; explicitFileType = wrapper.application; includeInIndex = 0; path = C1.app; sourceTree = BUILT_PRODUCTS_DIR; };
		1164F61F271D866200B8ADEC /* AppDelegate.swift */ = {isa = PBXFileReference; lastKnownFileType = sourcecode.swift; path = AppDelegate.swift; sourceTree = "<group>"; };
		1164F621271D866200B8ADEC /* SceneDelegate.swift */ = {isa = PBXFileReference; lastKnownFileType = sourcecode.swift; path = SceneDelegate.swift; sourceTree = "<group>"; };
		1164F623271D866200B8ADEC /* ViewController.swift */ = {isa = PBXFileReference; lastKnownFileType = sourcecode.swift; path = ViewController.swift; sourceTree = "<group>"; };
		1164F626271D866200B8ADEC /* Base */ = {isa = PBXFileReference; lastKnownFileType = file.storyboard; name = Base; path = Base.lproj/Main.storyboard; sourceTree = "<group>"; };
		1164F628271D866300B8ADEC /* Assets.xcassets */ = {isa = PBXFileReference; lastKnownFileType = folder.assetcatalog; path = Assets.xcassets; sourceTree = "<group>"; };
		1164F62B271D866300B8ADEC /* Base */ = {isa = PBXFileReference; lastKnownFileType = file.storyboard; name = Base; path = Base.lproj/LaunchScreen.storyboard; sourceTree = "<group>"; };
		1164F62D271D866300B8ADEC /* Info.plist */ = {isa = PBXFileReference; lastKnownFileType = text.plist.xml; path = Info.plist; sourceTree = "<group>"; };
		1164F632271D866300B8ADEC /* C1Tests.xctest */ = {isa = PBXFileReference; explicitFileType = wrapper.cfbundle; includeInIndex = 0; path = C1Tests.xctest; sourceTree = BUILT_PRODUCTS_DIR; };
		1164F636271D866300B8ADEC /* C1Tests.swift */ = {isa = PBXFileReference; lastKnownFileType = sourcecode.swift; path = C1Tests.swift; sourceTree = "<group>"; };
		1164F63C271D866300B8ADEC /* C1UITests.xctest */ = {isa = PBXFileReference; explicitFileType = wrapper.cfbundle; includeInIndex = 0; path = C1UITests.xctest; sourceTree = BUILT_PRODUCTS_DIR; };
		1164F640271D866300B8ADEC /* C1UITests.swift */ = {isa = PBXFileReference; lastKnownFileType = sourcecode.swift; path = C1UITests.swift; sourceTree = "<group>"; };
		1164F642271D866300B8ADEC /* C1UITestsLaunchTests.swift */ = {isa = PBXFileReference; lastKnownFileType = sourcecode.swift; path = C1UITestsLaunchTests.swift; sourceTree = "<group>"; };
		1164F653271DBD6C00B8ADEC /* roundButton.swift */ = {isa = PBXFileReference; lastKnownFileType = sourcecode.swift; path = roundButton.swift; sourceTree = "<group>"; };
/* End PBXFileReference section */

/* Begin PBXFrameworksBuildPhase section */
		1164F619271D866200B8ADEC /* Frameworks */ = {
			isa = PBXFrameworksBuildPhase;
			buildActionMask = 2147483647;
			files = (
			);
			runOnlyForDeploymentPostprocessing = 0;
		};
		1164F62F271D866300B8ADEC /* Frameworks */ = {
			isa = PBXFrameworksBuildPhase;
			buildActionMask = 2147483647;
			files = (
			);
			runOnlyForDeploymentPostprocessing = 0;
		};
		1164F639271D866300B8ADEC /* Frameworks */ = {
			isa = PBXFrameworksBuildPhase;
			buildActionMask = 2147483647;
			files = (
			);
			runOnlyForDeploymentPostprocessing = 0;
		};
/* End PBXFrameworksBuildPhase section */

/* Begin PBXGroup section */
		1164F613271D866200B8ADEC = {
			isa = PBXGroup;
			children = (
				1164F653271DBD6C00B8ADEC /* roundButton.swift */,
				1164F61E271D866200B8ADEC /* C1 */,
				1164F635271D866300B8ADEC /* C1Tests */,
				1164F63F271D866300B8ADEC /* C1UITests */,
				1164F61D271D866200B8ADEC /* Products */,
			);
			sourceTree = "<group>";
		};
		1164F61D271D866200B8ADEC /* Products */ = {
			isa = PBXGroup;
			children = (
				1164F61C271D866200B8ADEC /* C1.app */,
				1164F632271D866300B8ADEC /* C1Tests.xctest */,
				1164F63C271D866300B8ADEC /* C1UITests.xctest */,
			);
			name = Products;
			sourceTree = "<group>";
		};
		1164F61E271D866200B8ADEC /* C1 */ = {
			isa = PBXGroup;
			children = (
				1164F61F271D866200B8ADEC /* AppDelegate.swift */,
				1164F621271D866200B8ADEC /* SceneDelegate.swift */,
				1164F623271D866200B8ADEC /* ViewController.swift */,
				1164F625271D866200B8ADEC /* Main.storyboard */,
				1164F628271D866300B8ADEC /* Assets.xcassets */,
				1164F62A271D866300B8ADEC /* LaunchScreen.storyboard */,
				1164F62D271D866300B8ADEC /* Info.plist */,
			);
			path = C1;
			sourceTree = "<group>";
		};
		1164F635271D866300B8ADEC /* C1Tests */ = {
			isa = PBXGroup;
			children = (
				1164F636271D866300B8ADEC /* C1Tests.swift */,
			);
			path = C1Tests;
			sourceTree = "<group>";
		};
		1164F63F271D866300B8ADEC /* C1UITests */ = {
			isa = PBXGroup;
			children = (
				1164F640271D866300B8ADEC /* C1UITests.swift */,
				1164F642271D866300B8ADEC /* C1UITestsLaunchTests.swift */,
			);
			path = C1UITests;
			sourceTree = "<group>";
		};
/* End PBXGroup section */

/* Begin PBXNativeTarget section */
		1164F61B271D866200B8ADEC /* C1 */ = {
			isa = PBXNativeTarget;
			buildConfigurationList = 1164F646271D866300B8ADEC /* Build configuration list for PBXNativeTarget "C1" */;
			buildPhases = (
				1164F618271D866200B8ADEC /* Sources */,
				1164F619271D866200B8ADEC /* Frameworks */,
				1164F61A271D866200B8ADEC /* Resources */,
			);
			buildRules = (
			);
			dependencies = (
			);
			name = C1;
			productName = C1;
			productReference = 1164F61C271D866200B8ADEC /* C1.app */;
			productType = "com.apple.product-type.application";
		};
		1164F631271D866300B8ADEC /* C1Tests */ = {
			isa = PBXNativeTarget;
			buildConfigurationList = 1164F649271D866300B8ADEC /* Build configuration list for PBXNativeTarget "C1Tests" */;
			buildPhases = (
				1164F62E271D866300B8ADEC /* Sources */,
				1164F62F271D866300B8ADEC /* Frameworks */,
				1164F630271D866300B8ADEC /* Resources */,
			);
			buildRules = (
			);
			dependencies = (
				1164F634271D866300B8ADEC /* PBXTargetDependency */,
			);
			name = C1Tests;
			productName = C1Tests;
			productReference = 1164F632271D866300B8ADEC /* C1Tests.xctest */;
			productType = "com.apple.product-type.bundle.unit-test";
		};
		1164F63B271D866300B8ADEC /* C1UITests */ = {
			isa = PBXNativeTarget;
			buildConfigurationList = 1164F64C271D866300B8ADEC /* Build configuration list for PBXNativeTarget "C1UITests" */;
			buildPhases = (
				1164F638271D866300B8ADEC /* Sources */,
				1164F639271D866300B8ADEC /* Frameworks */,
				1164F63A271D866300B8ADEC /* Resources */,
			);
			buildRules = (
			);
			dependencies = (
				1164F63E271D866300B8ADEC /* PBXTargetDependency */,
			);
			name = C1UITests;
			productName = C1UITests;
			productReference = 1164F63C271D866300B8ADEC /* C1UITests.xctest */;
			productType = "com.apple.product-type.bundle.ui-testing";
		};
/* End PBXNativeTarget section */

/* Begin PBXProject section */
		1164F614271D866200B8ADEC /* Project object */ = {
			isa = PBXProject;
			attributes = {
				BuildIndependentTargetsInParallel = 1;
				LastSwiftUpdateCheck = 1300;
				LastUpgradeCheck = 1300;
				TargetAttributes = {
					1164F61B271D866200B8ADEC = {
						CreatedOnToolsVersion = 13.0;
					};
					1164F631271D866300B8ADEC = {
						CreatedOnToolsVersion = 13.0;
						TestTargetID = 1164F61B271D866200B8ADEC;
					};
					1164F63B271D866300B8ADEC = {
						CreatedOnToolsVersion = 13.0;
						TestTargetID = 1164F61B271D866200B8ADEC;
					};
				};
			};
			buildConfigurationList = 1164F617271D866200B8ADEC /* Build configuration list for PBXProject "C1" */;
			compatibilityVersion = "Xcode 13.0";
			developmentRegion = en;
			hasScannedForEncodings = 0;
			knownRegions = (
				en,
				Base,
			);
			mainGroup = 1164F613271D866200B8ADEC;
			productRefGroup = 1164F61D271D866200B8ADEC /* Products */;
			projectDirPath = "";
			projectRoot = "";
			targets = (
				1164F61B271D866200B8ADEC /* C1 */,
				1164F631271D866300B8ADEC /* C1Tests */,
				1164F63B271D866300B8ADEC /* C1UITests */,
			);
		};
/* End PBXProject section */

/* Begin PBXResourcesBuildPhase section */
		1164F61A271D866200B8ADEC /* Resources */ = {
			isa = PBXResourcesBuildPhase;
			buildActionMask = 2147483647;
			files = (
				1164F62C271D866300B8ADEC /* LaunchScreen.storyboard in Resources */,
				1164F629271D866300B8ADEC /* Assets.xcassets in Resources */,
				1164F627271D866200B8ADEC /* Main.storyboard in Resources */,
			);
			runOnlyForDeploymentPostprocessing = 0;
		};
		1164F630271D866300B8ADEC /* Resources */ = {
			isa = PBXResourcesBuildPhase;
			buildActionMask = 2147483647;
			files = (
			);
			runOnlyForDeploymentPostprocessing = 0;
		};
		1164F63A271D866300B8ADEC /* Resources */ = {
			isa = PBXResourcesBuildPhase;
			buildActionMask = 2147483647;
			files = (
			);
			runOnlyForDeploymentPostprocessing = 0;
		};
/* End PBXResourcesBuildPhase section */

/* Begin PBXSourcesBuildPhase section */
		1164F618271D866200B8ADEC /* Sources */ = {
			isa = PBXSourcesBuildPhase;
			buildActionMask = 2147483647;
			files = (
				1164F654271DBD6C00B8ADEC /* roundButton.swift in Sources */,
				1164F624271D866200B8ADEC /* ViewController.swift in Sources */,
				1164F620271D866200B8ADEC /* AppDelegate.swift in Sources */,
				1164F622271D866200B8ADEC /* SceneDelegate.swift in Sources */,
			);
			runOnlyForDeploymentPostprocessing = 0;
		};
		1164F62E271D866300B8ADEC /* Sources */ = {
			isa = PBXSourcesBuildPhase;
			buildActionMask = 2147483647;
			files = (
				1164F637271D866300B8ADEC /* C1Tests.swift in Sources */,
			);
			runOnlyForDeploymentPostprocessing = 0;
		};
		1164F638271D866300B8ADEC /* Sources */ = {
			isa = PBXSourcesBuildPhase;
			buildActionMask = 2147483647;
			files = (
				1164F643271D866300B8ADEC /* C1UITestsLaunchTests.swift in Sources */,
				1164F641271D866300B8ADEC /* C1UITests.swift in Sources */,
			);
			runOnlyForDeploymentPostprocessing = 0;
		};
/* End PBXSourcesBuildPhase section */

/* Begin PBXTargetDependency section */
		1164F634271D866300B8ADEC /* PBXTargetDependency */ = {
			isa = PBXTargetDependency;
			target = 1164F61B271D866200B8ADEC /* C1 */;
			targetProxy = 1164F633271D866300B8ADEC /* PBXContainerItemProxy */;
		};
		1164F63E271D866300B8ADEC /* PBXTargetDependency */ = {
			isa = PBXTargetDependency;
			target = 1164F61B271D866200B8ADEC /* C1 */;
			targetProxy = 1164F63D271D866300B8ADEC /* PBXContainerItemProxy */;
		};
/* End PBXTargetDependency section */

/* Begin PBXVariantGroup section */
		1164F625271D866200B8ADEC /* Main.storyboard */ = {
			isa = PBXVariantGroup;
			children = (
				1164F626271D866200B8ADEC /* Base */,
			);
			name = Main.storyboard;
			sourceTree = "<group>";
		};
		1164F62A271D866300B8ADEC /* LaunchScreen.storyboard */ = {
			isa = PBXVariantGroup;
			children = (
				1164F62B271D866300B8ADEC /* Base */,
			);
			name = LaunchScreen.storyboard;
			sourceTree = "<group>";
		};
/* End PBXVariantGroup section */

/* Begin XCBuildConfiguration section */
		1164F644271D866300B8ADEC /* Debug */ = {
			isa = XCBuildConfiguration;
			buildSettings = {
				ALWAYS_SEARCH_USER_PATHS = NO;
				CLANG_ANALYZER_NONNULL = YES;
				CLANG_ANALYZER_NUMBER_OBJECT_CONVERSION = YES_AGGRESSIVE;
				CLANG_CXX_LANGUAGE_STANDARD = "gnu++17";
				CLANG_CXX_LIBRARY = "libc++";
				CLANG_ENABLE_MODULES = YES;
				CLANG_ENABLE_OBJC_ARC = YES;
				CLANG_ENABLE_OBJC_WEAK = YES;
				CLANG_WARN_BLOCK_CAPTURE_AUTORELEASING = YES;
				CLANG_WARN_BOOL_CONVERSION = YES;
				CLANG_WARN_COMMA = YES;
				CLANG_WARN_CONSTANT_CONVERSION = YES;
				CLANG_WARN_DEPRECATED_OBJC_IMPLEMENTATIONS = YES;
				CLANG_WARN_DIRECT_OBJC_ISA_USAGE = YES_ERROR;
				CLANG_WARN_DOCUMENTATION_COMMENTS = YES;
				CLANG_WARN_EMPTY_BODY = YES;
				CLANG_WARN_ENUM_CONVERSION = YES;
				CLANG_WARN_INFINITE_RECURSION = YES;
				CLANG_WARN_INT_CONVERSION = YES;
				CLANG_WARN_NON_LITERAL_NULL_CONVERSION = YES;
				CLANG_WARN_OBJC_IMPLICIT_RETAIN_SELF = YES;
				CLANG_WARN_OBJC_LITERAL_CONVERSION = YES;
				CLANG_WARN_OBJC_ROOT_CLASS = YES_ERROR;
				CLANG_WARN_QUOTED_INCLUDE_IN_FRAMEWORK_HEADER = YES;
				CLANG_WARN_RANGE_LOOP_ANALYSIS = YES;
				CLANG_WARN_STRICT_PROTOTYPES = YES;
				CLANG_WARN_SUSPICIOUS_MOVE = YES;
				CLANG_WARN_UNGUARDED_AVAILABILITY = YES_AGGRESSIVE;
				CLANG_WARN_UNREACHABLE_CODE = YES;
				CLANG_WARN__DUPLICATE_METHOD_MATCH = YES;
				COPY_PHASE_STRIP = NO;
				DEBUG_INFORMATION_FORMAT = dwarf;
				ENABLE_STRICT_OBJC_MSGSEND = YES;
				ENABLE_TESTABILITY = YES;
				GCC_C_LANGUAGE_STANDARD = gnu11;
				GCC_DYNAMIC_NO_PIC = NO;
				GCC_NO_COMMON_BLOCKS = YES;
				GCC_OPTIMIZATION_LEVEL = 0;
				GCC_PREPROCESSOR_DEFINITIONS = (
					"DEBUG=1",
					"$(inherited)",
				);
				GCC_WARN_64_TO_32_BIT_CONVERSION = YES;
				GCC_WARN_ABOUT_RETURN_TYPE = YES_ERROR;
				GCC_WARN_UNDECLARED_SELECTOR = YES;
				GCC_WARN_UNINITIALIZED_AUTOS = YES_AGGRESSIVE;
				GCC_WARN_UNUSED_FUNCTION = YES;
				GCC_WARN_UNUSED_VARIABLE = YES;
				IPHONEOS_DEPLOYMENT_TARGET = 15.0;
				MTL_ENABLE_DEBUG_INFO = INCLUDE_SOURCE;
				MTL_FAST_MATH = YES;
				ONLY_ACTIVE_ARCH = YES;
				SDKROOT = iphoneos;
				SWIFT_ACTIVE_COMPILATION_CONDITIONS = DEBUG;
				SWIFT_OPTIMIZATION_LEVEL = "-Onone";
			};
			name = Debug;
		};
		1164F645271D866300B8ADEC /* Release */ = {
			isa = XCBuildConfiguration;
			buildSettings = {
				ALWAYS_SEARCH_USER_PATHS = NO;
				CLANG_ANALYZER_NONNULL = YES;
				CLANG_ANALYZER_NUMBER_OBJECT_CONVERSION = YES_AGGRESSIVE;
				CLANG_CXX_LANGUAGE_STANDARD = "gnu++17";
				CLANG_CXX_LIBRARY = "libc++";
				CLANG_ENABLE_MODULES = YES;
				CLANG_ENABLE_OBJC_ARC = YES;
				CLANG_ENABLE_OBJC_WEAK = YES;
				CLANG_WARN_BLOCK_CAPTURE_AUTORELEASING = YES;
				CLANG_WARN_BOOL_CONVERSION = YES;
				CLANG_WARN_COMMA = YES;
				CLANG_WARN_CONSTANT_CONVERSION = YES;
				CLANG_WARN_DEPRECATED_OBJC_IMPLEMENTATIONS = YES;
				CLANG_WARN_DIRECT_OBJC_ISA_USAGE = YES_ERROR;
				CLANG_WARN_DOCUMENTATION_COMMENTS = YES;
				CLANG_WARN_EMPTY_BODY = YES;
				CLANG_WARN_ENUM_CONVERSION = YES;
				CLANG_WARN_INFINITE_RECURSION = YES;
				CLANG_WARN_INT_CONVERSION = YES;
				CLANG_WARN_NON_LITERAL_NULL_CONVERSION = YES;
				CLANG_WARN_OBJC_IMPLICIT_RETAIN_SELF = YES;
				CLANG_WARN_OBJC_LITERAL_CONVERSION = YES;
				CLANG_WARN_OBJC_ROOT_CLASS = YES_ERROR;
				CLANG_WARN_QUOTED_INCLUDE_IN_FRAMEWORK_HEADER = YES;
				CLANG_WARN_RANGE_LOOP_ANALYSIS = YES;
				CLANG_WARN_STRICT_PROTOTYPES = YES;
				CLANG_WARN_SUSPICIOUS_MOVE = YES;
				CLANG_WARN_UNGUARDED_AVAILABILITY = YES_AGGRESSIVE;
				CLANG_WARN_UNREACHABLE_CODE = YES;
				CLANG_WARN__DUPLICATE_METHOD_MATCH = YES;
				COPY_PHASE_STRIP = NO;
				DEBUG_INFORMATION_FORMAT = "dwarf-with-dsym";
				ENABLE_NS_ASSERTIONS = NO;
				ENABLE_STRICT_OBJC_MSGSEND = YES;
				GCC_C_LANGUAGE_STANDARD = gnu11;
				GCC_NO_COMMON_BLOCKS = YES;
				GCC_WARN_64_TO_32_BIT_CONVERSION = YES;
				GCC_WARN_ABOUT_RETURN_TYPE = YES_ERROR;
				GCC_WARN_UNDECLARED_SELECTOR = YES;
				GCC_WARN_UNINITIALIZED_AUTOS = YES_AGGRESSIVE;
				GCC_WARN_UNUSED_FUNCTION = YES;
				GCC_WARN_UNUSED_VARIABLE = YES;
				IPHONEOS_DEPLOYMENT_TARGET = 15.0;
				MTL_ENABLE_DEBUG_INFO = NO;
				MTL_FAST_MATH = YES;
				SDKROOT = iphoneos;
				SWIFT_COMPILATION_MODE = wholemodule;
				SWIFT_OPTIMIZATION_LEVEL = "-O";
				VALIDATE_PRODUCT = YES;
			};
			name = Release;
		};
		1164F647271D866300B8ADEC /* Debug */ = {
			isa = XCBuildConfiguration;
			buildSettings = {
				ASSETCATALOG_COMPILER_APPICON_NAME = AppIcon;
				ASSETCATALOG_COMPILER_GLOBAL_ACCENT_COLOR_NAME = AccentColor;
				CODE_SIGN_STYLE = Automatic;
				CURRENT_PROJECT_VERSION = 1;
				DEVELOPMENT_TEAM = ULBSA6XW4A;
				GENERATE_INFOPLIST_FILE = YES;
				INFOPLIST_FILE = C1/Info.plist;
				INFOPLIST_KEY_UIApplicationSupportsIndirectInputEvents = YES;
				INFOPLIST_KEY_UILaunchStoryboardName = LaunchScreen;
				INFOPLIST_KEY_UIMainStoryboardFile = Main;
				INFOPLIST_KEY_UISupportedInterfaceOrientations_iPad = "UIInterfaceOrientationPortrait UIInterfaceOrientationPortraitUpsideDown UIInterfaceOrientationLandscapeLeft UIInterfaceOrientationLandscapeRight";
				INFOPLIST_KEY_UISupportedInterfaceOrientations_iPhone = "UIInterfaceOrientationPortrait UIInterfaceOrientationLandscapeLeft UIInterfaceOrientationLandscapeRight";
				LD_RUNPATH_SEARCH_PATHS = (
					"$(inherited)",
					"@executable_path/Frameworks",
				);
				MARKETING_VERSION = 1.0;
				PRODUCT_BUNDLE_IDENTIFIER = layla.C1;
				PRODUCT_NAME = "$(TARGET_NAME)";
				SWIFT_EMIT_LOC_STRINGS = YES;
				SWIFT_VERSION = 5.0;
				TARGETED_DEVICE_FAMILY = "1,2";
			};
			name = Debug;
		};
		1164F648271D866300B8ADEC /* Release */ = {
			isa = XCBuildConfiguration;
			buildSettings = {
				ASSETCATALOG_COMPILER_APPICON_NAME = AppIcon;
				ASSETCATALOG_COMPILER_GLOBAL_ACCENT_COLOR_NAME = AccentColor;
				CODE_SIGN_STYLE = Automatic;
				CURRENT_PROJECT_VERSION = 1;
				DEVELOPMENT_TEAM = ULBSA6XW4A;
				GENERATE_INFOPLIST_FILE = YES;
				INFOPLIST_FILE = C1/Info.plist;
				INFOPLIST_KEY_UIApplicationSupportsIndirectInputEvents = YES;
				INFOPLIST_KEY_UILaunchStoryboardName = LaunchScreen;
				INFOPLIST_KEY_UIMainStoryboardFile = Main;
				INFOPLIST_KEY_UISupportedInterfaceOrientations_iPad = "UIInterfaceOrientationPortrait UIInterfaceOrientationPortraitUpsideDown UIInterfaceOrientationLandscapeLeft UIInterfaceOrientationLandscapeRight";
				INFOPLIST_KEY_UISupportedInterfaceOrientations_iPhone = "UIInterfaceOrientationPortrait UIInterfaceOrientationLandscapeLeft UIInterfaceOrientationLandscapeRight";
				LD_RUNPATH_SEARCH_PATHS = (
					"$(inherited)",
					"@executable_path/Frameworks",
				);
				MARKETING_VERSION = 1.0;
				PRODUCT_BUNDLE_IDENTIFIER = layla.C1;
				PRODUCT_NAME = "$(TARGET_NAME)";
				SWIFT_EMIT_LOC_STRINGS = YES;
				SWIFT_VERSION = 5.0;
				TARGETED_DEVICE_FAMILY = "1,2";
			};
			name = Release;
		};
		1164F64A271D866300B8ADEC /* Debug */ = {
			isa = XCBuildConfiguration;
			buildSettings = {
				ALWAYS_EMBED_SWIFT_STANDARD_LIBRARIES = YES;
				BUNDLE_LOADER = "$(TEST_HOST)";
				CODE_SIGN_STYLE = Automatic;
				CURRENT_PROJECT_VERSION = 1;
				DEVELOPMENT_TEAM = ULBSA6XW4A;
				GENERATE_INFOPLIST_FILE = YES;
				IPHONEOS_DEPLOYMENT_TARGET = 15.0;
				LD_RUNPATH_SEARCH_PATHS = (
					"$(inherited)",
					"@executable_path/Frameworks",
					"@loader_path/Frameworks",
				);
				MARKETING_VERSION = 1.0;
				PRODUCT_BUNDLE_IDENTIFIER = layla.C1Tests;
				PRODUCT_NAME = "$(TARGET_NAME)";
				SWIFT_EMIT_LOC_STRINGS = NO;
				SWIFT_VERSION = 5.0;
				TARGETED_DEVICE_FAMILY = "1,2";
				TEST_HOST = "$(BUILT_PRODUCTS_DIR)/C1.app/C1";
			};
			name = Debug;
		};
		1164F64B271D866300B8ADEC /* Release */ = {
			isa = XCBuildConfiguration;
			buildSettings = {
				ALWAYS_EMBED_SWIFT_STANDARD_LIBRARIES = YES;
				BUNDLE_LOADER = "$(TEST_HOST)";
				CODE_SIGN_STYLE = Automatic;
				CURRENT_PROJECT_VERSION = 1;
				DEVELOPMENT_TEAM = ULBSA6XW4A;
				GENERATE_INFOPLIST_FILE = YES;
				IPHONEOS_DEPLOYMENT_TARGET = 15.0;
				LD_RUNPATH_SEARCH_PATHS = (
					"$(inherited)",
					"@executable_path/Frameworks",
					"@loader_path/Frameworks",
				);
				MARKETING_VERSION = 1.0;
				PRODUCT_BUNDLE_IDENTIFIER = layla.C1Tests;
				PRODUCT_NAME = "$(TARGET_NAME)";
				SWIFT_EMIT_LOC_STRINGS = NO;
				SWIFT_VERSION = 5.0;
				TARGETED_DEVICE_FAMILY = "1,2";
				TEST_HOST = "$(BUILT_PRODUCTS_DIR)/C1.app/C1";
			};
			name = Release;
		};
		1164F64D271D866300B8ADEC /* Debug */ = {
			isa = XCBuildConfiguration;
			buildSettings = {
				ALWAYS_EMBED_SWIFT_STANDARD_LIBRARIES = YES;
				CODE_SIGN_STYLE = Automatic;
				CURRENT_PROJECT_VERSION = 1;
				DEVELOPMENT_TEAM = ULBSA6XW4A;
				GENERATE_INFOPLIST_FILE = YES;
				LD_RUNPATH_SEARCH_PATHS = (
					"$(inherited)",
					"@executable_path/Frameworks",
					"@loader_path/Frameworks",
				);
				MARKETING_VERSION = 1.0;
				PRODUCT_BUNDLE_IDENTIFIER = layla.C1UITests;
				PRODUCT_NAME = "$(TARGET_NAME)";
				SWIFT_EMIT_LOC_STRINGS = NO;
				SWIFT_VERSION = 5.0;
				TARGETED_DEVICE_FAMILY = "1,2";
				TEST_TARGET_NAME = C1;
			};
			name = Debug;
		};
		1164F64E271D866300B8ADEC /* Release */ = {
			isa = XCBuildConfiguration;
			buildSettings = {
				ALWAYS_EMBED_SWIFT_STANDARD_LIBRARIES = YES;
				CODE_SIGN_STYLE = Automatic;
				CURRENT_PROJECT_VERSION = 1;
				DEVELOPMENT_TEAM = ULBSA6XW4A;
				GENERATE_INFOPLIST_FILE = YES;
				LD_RUNPATH_SEARCH_PATHS = (
					"$(inherited)",
					"@executable_path/Frameworks",
					"@loader_path/Frameworks",
				);
				MARKETING_VERSION = 1.0;
				PRODUCT_BUNDLE_IDENTIFIER = layla.C1UITests;
				PRODUCT_NAME = "$(TARGET_NAME)";
				SWIFT_EMIT_LOC_STRINGS = NO;
				SWIFT_VERSION = 5.0;
				TARGETED_DEVICE_FAMILY = "1,2";
				TEST_TARGET_NAME = C1;
			};
			name = Release;
		};
/* End XCBuildConfiguration section */

/* Begin XCConfigurationList section */
		1164F617271D866200B8ADEC /* Build configuration list for PBXProject "C1" */ = {
			isa = XCConfigurationList;
			buildConfigurations = (
				1164F644271D866300B8ADEC /* Debug */,
				1164F645271D866300B8ADEC /* Release */,
			);
			defaultConfigurationIsVisible = 0;
			defaultConfigurationName = Release;
		};
		1164F646271D866300B8ADEC /* Build configuration list for PBXNativeTarget "C1" */ = {
			isa = XCConfigurationList;
			buildConfigurations = (
				1164F647271D866300B8ADEC /* Debug */,
				1164F648271D866300B8ADEC /* Release */,
			);
			defaultConfigurationIsVisible = 0;
			defaultConfigurationName = Release;
		};
		1164F649271D866300B8ADEC /* Build configuration list for PBXNativeTarget "C1Tests" */ = {
			isa = XCConfigurationList;
			buildConfigurations = (
				1164F64A271D866300B8ADEC /* Debug */,
				1164F64B271D866300B8ADEC /* Release */,
			);
			defaultConfigurationIsVisible = 0;
			defaultConfigurationName = Release;
		};
		1164F64C271D866300B8ADEC /* Build configuration list for PBXNativeTarget "C1UITests" */ = {
			isa = XCConfigurationList;
			buildConfigurations = (
				1164F64D271D866300B8ADEC /* Debug */,
				1164F64E271D866300B8ADEC /* Release */,
			);
			defaultConfigurationIsVisible = 0;
			defaultConfigurationName = Release;
		};
/* End XCConfigurationList section */
	};
	rootObject = 1164F614271D866200B8ADEC /* Project object */;
}
