// !$*UTF8*$!
{
	archiveVersion = 1;
	classes = {
	};
	objectVersion = 55;
	objects = {

/* Begin PBXBuildFile section */
		1E8DB89F271D6835003DAE20 /* AppDelegate.swift in Sources */ = {isa = PBXBuildFile; fileRef = 1E8DB89E271D6835003DAE20 /* AppDelegate.swift */; };
		1E8DB8A1271D6835003DAE20 /* SceneDelegate.swift in Sources */ = {isa = PBXBuildFile; fileRef = 1E8DB8A0271D6835003DAE20 /* SceneDelegate.swift */; };
		1E8DB8A3271D6835003DAE20 /* ViewController.swift in Sources */ = {isa = PBXBuildFile; fileRef = 1E8DB8A2271D6835003DAE20 /* ViewController.swift */; };
		1E8DB8A6271D6835003DAE20 /* Main.storyboard in Resources */ = {isa = PBXBuildFile; fileRef = 1E8DB8A4271D6835003DAE20 /* Main.storyboard */; };
		1E8DB8A8271D6835003DAE20 /* Assets.xcassets in Resources */ = {isa = PBXBuildFile; fileRef = 1E8DB8A7271D6835003DAE20 /* Assets.xcassets */; };
		1E8DB8AB271D6835003DAE20 /* LaunchScreen.storyboard in Resources */ = {isa = PBXBuildFile; fileRef = 1E8DB8A9271D6835003DAE20 /* LaunchScreen.storyboard */; };
		1E8DB8B6271D6835003DAE20 /* Amal_lab10Tests.swift in Sources */ = {isa = PBXBuildFile; fileRef = 1E8DB8B5271D6835003DAE20 /* Amal_lab10Tests.swift */; };
		1E8DB8C0271D6835003DAE20 /* Amal_lab10UITests.swift in Sources */ = {isa = PBXBuildFile; fileRef = 1E8DB8BF271D6835003DAE20 /* Amal_lab10UITests.swift */; };
		1E8DB8C2271D6835003DAE20 /* Amal_lab10UITestsLaunchTests.swift in Sources */ = {isa = PBXBuildFile; fileRef = 1E8DB8C1271D6835003DAE20 /* Amal_lab10UITestsLaunchTests.swift */; };
/* End PBXBuildFile section */

/* Begin PBXContainerItemProxy section */
		1E8DB8B2271D6835003DAE20 /* PBXContainerItemProxy */ = {
			isa = PBXContainerItemProxy;
			containerPortal = 1E8DB893271D6835003DAE20 /* Project object */;
			proxyType = 1;
			remoteGlobalIDString = 1E8DB89A271D6835003DAE20;
			remoteInfo = "Amal lab10";
		};
		1E8DB8BC271D6835003DAE20 /* PBXContainerItemProxy */ = {
			isa = PBXContainerItemProxy;
			containerPortal = 1E8DB893271D6835003DAE20 /* Project object */;
			proxyType = 1;
			remoteGlobalIDString = 1E8DB89A271D6835003DAE20;
			remoteInfo = "Amal lab10";
		};
/* End PBXContainerItemProxy section */

/* Begin PBXFileReference section */
		1E8DB89B271D6835003DAE20 /* Amal lab10.app */ = {isa = PBXFileReference; explicitFileType = wrapper.application; includeInIndex = 0; path = "Amal lab10.app"; sourceTree = BUILT_PRODUCTS_DIR; };
		1E8DB89E271D6835003DAE20 /* AppDelegate.swift */ = {isa = PBXFileReference; lastKnownFileType = sourcecode.swift; path = AppDelegate.swift; sourceTree = "<group>"; };
		1E8DB8A0271D6835003DAE20 /* SceneDelegate.swift */ = {isa = PBXFileReference; lastKnownFileType = sourcecode.swift; path = SceneDelegate.swift; sourceTree = "<group>"; };
		1E8DB8A2271D6835003DAE20 /* ViewController.swift */ = {isa = PBXFileReference; lastKnownFileType = sourcecode.swift; path = ViewController.swift; sourceTree = "<group>"; };
		1E8DB8A5271D6835003DAE20 /* Base */ = {isa = PBXFileReference; lastKnownFileType = file.storyboard; name = Base; path = Base.lproj/Main.storyboard; sourceTree = "<group>"; };
		1E8DB8A7271D6835003DAE20 /* Assets.xcassets */ = {isa = PBXFileReference; lastKnownFileType = folder.assetcatalog; path = Assets.xcassets; sourceTree = "<group>"; };
		1E8DB8AA271D6835003DAE20 /* Base */ = {isa = PBXFileReference; lastKnownFileType = file.storyboard; name = Base; path = Base.lproj/LaunchScreen.storyboard; sourceTree = "<group>"; };
		1E8DB8AC271D6835003DAE20 /* Info.plist */ = {isa = PBXFileReference; lastKnownFileType = text.plist.xml; path = Info.plist; sourceTree = "<group>"; };
		1E8DB8B1271D6835003DAE20 /* Amal lab10Tests.xctest */ = {isa = PBXFileReference; explicitFileType = wrapper.cfbundle; includeInIndex = 0; path = "Amal lab10Tests.xctest"; sourceTree = BUILT_PRODUCTS_DIR; };
		1E8DB8B5271D6835003DAE20 /* Amal_lab10Tests.swift */ = {isa = PBXFileReference; lastKnownFileType = sourcecode.swift; path = Amal_lab10Tests.swift; sourceTree = "<group>"; };
		1E8DB8BB271D6835003DAE20 /* Amal lab10UITests.xctest */ = {isa = PBXFileReference; explicitFileType = wrapper.cfbundle; includeInIndex = 0; path = "Amal lab10UITests.xctest"; sourceTree = BUILT_PRODUCTS_DIR; };
		1E8DB8BF271D6835003DAE20 /* Amal_lab10UITests.swift */ = {isa = PBXFileReference; lastKnownFileType = sourcecode.swift; path = Amal_lab10UITests.swift; sourceTree = "<group>"; };
		1E8DB8C1271D6835003DAE20 /* Amal_lab10UITestsLaunchTests.swift */ = {isa = PBXFileReference; lastKnownFileType = sourcecode.swift; path = Amal_lab10UITestsLaunchTests.swift; sourceTree = "<group>"; };
/* End PBXFileReference section */

/* Begin PBXFrameworksBuildPhase section */
		1E8DB898271D6835003DAE20 /* Frameworks */ = {
			isa = PBXFrameworksBuildPhase;
			buildActionMask = 2147483647;
			files = (
			);
			runOnlyForDeploymentPostprocessing = 0;
		};
		1E8DB8AE271D6835003DAE20 /* Frameworks */ = {
			isa = PBXFrameworksBuildPhase;
			buildActionMask = 2147483647;
			files = (
			);
			runOnlyForDeploymentPostprocessing = 0;
		};
		1E8DB8B8271D6835003DAE20 /* Frameworks */ = {
			isa = PBXFrameworksBuildPhase;
			buildActionMask = 2147483647;
			files = (
			);
			runOnlyForDeploymentPostprocessing = 0;
		};
/* End PBXFrameworksBuildPhase section */

/* Begin PBXGroup section */
		1E8DB892271D6835003DAE20 = {
			isa = PBXGroup;
			children = (
				1E8DB89D271D6835003DAE20 /* Amal lab10 */,
				1E8DB8B4271D6835003DAE20 /* Amal lab10Tests */,
				1E8DB8BE271D6835003DAE20 /* Amal lab10UITests */,
				1E8DB89C271D6835003DAE20 /* Products */,
			);
			sourceTree = "<group>";
		};
		1E8DB89C271D6835003DAE20 /* Products */ = {
			isa = PBXGroup;
			children = (
				1E8DB89B271D6835003DAE20 /* Amal lab10.app */,
				1E8DB8B1271D6835003DAE20 /* Amal lab10Tests.xctest */,
				1E8DB8BB271D6835003DAE20 /* Amal lab10UITests.xctest */,
			);
			name = Products;
			sourceTree = "<group>";
		};
		1E8DB89D271D6835003DAE20 /* Amal lab10 */ = {
			isa = PBXGroup;
			children = (
				1E8DB89E271D6835003DAE20 /* AppDelegate.swift */,
				1E8DB8A0271D6835003DAE20 /* SceneDelegate.swift */,
				1E8DB8A2271D6835003DAE20 /* ViewController.swift */,
				1E8DB8A4271D6835003DAE20 /* Main.storyboard */,
				1E8DB8A7271D6835003DAE20 /* Assets.xcassets */,
				1E8DB8A9271D6835003DAE20 /* LaunchScreen.storyboard */,
				1E8DB8AC271D6835003DAE20 /* Info.plist */,
			);
			path = "Amal lab10";
			sourceTree = "<group>";
		};
		1E8DB8B4271D6835003DAE20 /* Amal lab10Tests */ = {
			isa = PBXGroup;
			children = (
				1E8DB8B5271D6835003DAE20 /* Amal_lab10Tests.swift */,
			);
			path = "Amal lab10Tests";
			sourceTree = "<group>";
		};
		1E8DB8BE271D6835003DAE20 /* Amal lab10UITests */ = {
			isa = PBXGroup;
			children = (
				1E8DB8BF271D6835003DAE20 /* Amal_lab10UITests.swift */,
				1E8DB8C1271D6835003DAE20 /* Amal_lab10UITestsLaunchTests.swift */,
			);
			path = "Amal lab10UITests";
			sourceTree = "<group>";
		};
/* End PBXGroup section */

/* Begin PBXNativeTarget section */
		1E8DB89A271D6835003DAE20 /* Amal lab10 */ = {
			isa = PBXNativeTarget;
			buildConfigurationList = 1E8DB8C5271D6835003DAE20 /* Build configuration list for PBXNativeTarget "Amal lab10" */;
			buildPhases = (
				1E8DB897271D6835003DAE20 /* Sources */,
				1E8DB898271D6835003DAE20 /* Frameworks */,
				1E8DB899271D6835003DAE20 /* Resources */,
			);
			buildRules = (
			);
			dependencies = (
			);
			name = "Amal lab10";
			productName = "Amal lab10";
			productReference = 1E8DB89B271D6835003DAE20 /* Amal lab10.app */;
			productType = "com.apple.product-type.application";
		};
		1E8DB8B0271D6835003DAE20 /* Amal lab10Tests */ = {
			isa = PBXNativeTarget;
			buildConfigurationList = 1E8DB8C8271D6835003DAE20 /* Build configuration list for PBXNativeTarget "Amal lab10Tests" */;
			buildPhases = (
				1E8DB8AD271D6835003DAE20 /* Sources */,
				1E8DB8AE271D6835003DAE20 /* Frameworks */,
				1E8DB8AF271D6835003DAE20 /* Resources */,
			);
			buildRules = (
			);
			dependencies = (
				1E8DB8B3271D6835003DAE20 /* PBXTargetDependency */,
			);
			name = "Amal lab10Tests";
			productName = "Amal lab10Tests";
			productReference = 1E8DB8B1271D6835003DAE20 /* Amal lab10Tests.xctest */;
			productType = "com.apple.product-type.bundle.unit-test";
		};
		1E8DB8BA271D6835003DAE20 /* Amal lab10UITests */ = {
			isa = PBXNativeTarget;
			buildConfigurationList = 1E8DB8CB271D6835003DAE20 /* Build configuration list for PBXNativeTarget "Amal lab10UITests" */;
			buildPhases = (
				1E8DB8B7271D6835003DAE20 /* Sources */,
				1E8DB8B8271D6835003DAE20 /* Frameworks */,
				1E8DB8B9271D6835003DAE20 /* Resources */,
			);
			buildRules = (
			);
			dependencies = (
				1E8DB8BD271D6835003DAE20 /* PBXTargetDependency */,
			);
			name = "Amal lab10UITests";
			productName = "Amal lab10UITests";
			productReference = 1E8DB8BB271D6835003DAE20 /* Amal lab10UITests.xctest */;
			productType = "com.apple.product-type.bundle.ui-testing";
		};
/* End PBXNativeTarget section */

/* Begin PBXProject section */
		1E8DB893271D6835003DAE20 /* Project object */ = {
			isa = PBXProject;
			attributes = {
				BuildIndependentTargetsInParallel = 1;
				LastSwiftUpdateCheck = 1300;
				LastUpgradeCheck = 1300;
				TargetAttributes = {
					1E8DB89A271D6835003DAE20 = {
						CreatedOnToolsVersion = 13.0;
					};
					1E8DB8B0271D6835003DAE20 = {
						CreatedOnToolsVersion = 13.0;
						TestTargetID = 1E8DB89A271D6835003DAE20;
					};
					1E8DB8BA271D6835003DAE20 = {
						CreatedOnToolsVersion = 13.0;
						TestTargetID = 1E8DB89A271D6835003DAE20;
					};
				};
			};
			buildConfigurationList = 1E8DB896271D6835003DAE20 /* Build configuration list for PBXProject "Amal lab10" */;
			compatibilityVersion = "Xcode 13.0";
			developmentRegion = en;
			hasScannedForEncodings = 0;
			knownRegions = (
				en,
				Base,
			);
			mainGroup = 1E8DB892271D6835003DAE20;
			productRefGroup = 1E8DB89C271D6835003DAE20 /* Products */;
			projectDirPath = "";
			projectRoot = "";
			targets = (
				1E8DB89A271D6835003DAE20 /* Amal lab10 */,
				1E8DB8B0271D6835003DAE20 /* Amal lab10Tests */,
				1E8DB8BA271D6835003DAE20 /* Amal lab10UITests */,
			);
		};
/* End PBXProject section */

/* Begin PBXResourcesBuildPhase section */
		1E8DB899271D6835003DAE20 /* Resources */ = {
			isa = PBXResourcesBuildPhase;
			buildActionMask = 2147483647;
			files = (
				1E8DB8AB271D6835003DAE20 /* LaunchScreen.storyboard in Resources */,
				1E8DB8A8271D6835003DAE20 /* Assets.xcassets in Resources */,
				1E8DB8A6271D6835003DAE20 /* Main.storyboard in Resources */,
			);
			runOnlyForDeploymentPostprocessing = 0;
		};
		1E8DB8AF271D6835003DAE20 /* Resources */ = {
			isa = PBXResourcesBuildPhase;
			buildActionMask = 2147483647;
			files = (
			);
			runOnlyForDeploymentPostprocessing = 0;
		};
		1E8DB8B9271D6835003DAE20 /* Resources */ = {
			isa = PBXResourcesBuildPhase;
			buildActionMask = 2147483647;
			files = (
			);
			runOnlyForDeploymentPostprocessing = 0;
		};
/* End PBXResourcesBuildPhase section */

/* Begin PBXSourcesBuildPhase section */
		1E8DB897271D6835003DAE20 /* Sources */ = {
			isa = PBXSourcesBuildPhase;
			buildActionMask = 2147483647;
			files = (
				1E8DB8A3271D6835003DAE20 /* ViewController.swift in Sources */,
				1E8DB89F271D6835003DAE20 /* AppDelegate.swift in Sources */,
				1E8DB8A1271D6835003DAE20 /* SceneDelegate.swift in Sources */,
			);
			runOnlyForDeploymentPostprocessing = 0;
		};
		1E8DB8AD271D6835003DAE20 /* Sources */ = {
			isa = PBXSourcesBuildPhase;
			buildActionMask = 2147483647;
			files = (
				1E8DB8B6271D6835003DAE20 /* Amal_lab10Tests.swift in Sources */,
			);
			runOnlyForDeploymentPostprocessing = 0;
		};
		1E8DB8B7271D6835003DAE20 /* Sources */ = {
			isa = PBXSourcesBuildPhase;
			buildActionMask = 2147483647;
			files = (
				1E8DB8C2271D6835003DAE20 /* Amal_lab10UITestsLaunchTests.swift in Sources */,
				1E8DB8C0271D6835003DAE20 /* Amal_lab10UITests.swift in Sources */,
			);
			runOnlyForDeploymentPostprocessing = 0;
		};
/* End PBXSourcesBuildPhase section */

/* Begin PBXTargetDependency section */
		1E8DB8B3271D6835003DAE20 /* PBXTargetDependency */ = {
			isa = PBXTargetDependency;
			target = 1E8DB89A271D6835003DAE20 /* Amal lab10 */;
			targetProxy = 1E8DB8B2271D6835003DAE20 /* PBXContainerItemProxy */;
		};
		1E8DB8BD271D6835003DAE20 /* PBXTargetDependency */ = {
			isa = PBXTargetDependency;
			target = 1E8DB89A271D6835003DAE20 /* Amal lab10 */;
			targetProxy = 1E8DB8BC271D6835003DAE20 /* PBXContainerItemProxy */;
		};
/* End PBXTargetDependency section */

/* Begin PBXVariantGroup section */
		1E8DB8A4271D6835003DAE20 /* Main.storyboard */ = {
			isa = PBXVariantGroup;
			children = (
				1E8DB8A5271D6835003DAE20 /* Base */,
			);
			name = Main.storyboard;
			sourceTree = "<group>";
		};
		1E8DB8A9271D6835003DAE20 /* LaunchScreen.storyboard */ = {
			isa = PBXVariantGroup;
			children = (
				1E8DB8AA271D6835003DAE20 /* Base */,
			);
			name = LaunchScreen.storyboard;
			sourceTree = "<group>";
		};
/* End PBXVariantGroup section */

/* Begin XCBuildConfiguration section */
		1E8DB8C3271D6835003DAE20 /* Debug */ = {
			isa = XCBuildConfiguration;
			buildSettings = {
				ALWAYS_SEARCH_USER_PATHS = NO;
				CLANG_ANALYZER_NONNULL = YES;
				CLANG_ANALYZER_NUMBER_OBJECT_CONVERSION = YES_AGGRESSIVE;
				CLANG_CXX_LANGUAGE_STANDARD = "gnu++17";
				CLANG_CXX_LIBRARY = "libc++";
				CLANG_ENABLE_MODULES = YES;
				CLANG_ENABLE_OBJC_ARC = YES;
				CLANG_ENABLE_OBJC_WEAK = YES;
				CLANG_WARN_BLOCK_CAPTURE_AUTORELEASING = YES;
				CLANG_WARN_BOOL_CONVERSION = YES;
				CLANG_WARN_COMMA = YES;
				CLANG_WARN_CONSTANT_CONVERSION = YES;
				CLANG_WARN_DEPRECATED_OBJC_IMPLEMENTATIONS = YES;
				CLANG_WARN_DIRECT_OBJC_ISA_USAGE = YES_ERROR;
				CLANG_WARN_DOCUMENTATION_COMMENTS = YES;
				CLANG_WARN_EMPTY_BODY = YES;
				CLANG_WARN_ENUM_CONVERSION = YES;
				CLANG_WARN_INFINITE_RECURSION = YES;
				CLANG_WARN_INT_CONVERSION = YES;
				CLANG_WARN_NON_LITERAL_NULL_CONVERSION = YES;
				CLANG_WARN_OBJC_IMPLICIT_RETAIN_SELF = YES;
				CLANG_WARN_OBJC_LITERAL_CONVERSION = YES;
				CLANG_WARN_OBJC_ROOT_CLASS = YES_ERROR;
				CLANG_WARN_QUOTED_INCLUDE_IN_FRAMEWORK_HEADER = YES;
				CLANG_WARN_RANGE_LOOP_ANALYSIS = YES;
				CLANG_WARN_STRICT_PROTOTYPES = YES;
				CLANG_WARN_SUSPICIOUS_MOVE = YES;
				CLANG_WARN_UNGUARDED_AVAILABILITY = YES_AGGRESSIVE;
				CLANG_WARN_UNREACHABLE_CODE = YES;
				CLANG_WARN__DUPLICATE_METHOD_MATCH = YES;
				COPY_PHASE_STRIP = NO;
				DEBUG_INFORMATION_FORMAT = dwarf;
				ENABLE_STRICT_OBJC_MSGSEND = YES;
				ENABLE_TESTABILITY = YES;
				GCC_C_LANGUAGE_STANDARD = gnu11;
				GCC_DYNAMIC_NO_PIC = NO;
				GCC_NO_COMMON_BLOCKS = YES;
				GCC_OPTIMIZATION_LEVEL = 0;
				GCC_PREPROCESSOR_DEFINITIONS = (
					"DEBUG=1",
					"$(inherited)",
				);
				GCC_WARN_64_TO_32_BIT_CONVERSION = YES;
				GCC_WARN_ABOUT_RETURN_TYPE = YES_ERROR;
				GCC_WARN_UNDECLARED_SELECTOR = YES;
				GCC_WARN_UNINITIALIZED_AUTOS = YES_AGGRESSIVE;
				GCC_WARN_UNUSED_FUNCTION = YES;
				GCC_WARN_UNUSED_VARIABLE = YES;
				IPHONEOS_DEPLOYMENT_TARGET = 15.0;
				MTL_ENABLE_DEBUG_INFO = INCLUDE_SOURCE;
				MTL_FAST_MATH = YES;
				ONLY_ACTIVE_ARCH = YES;
				SDKROOT = iphoneos;
				SWIFT_ACTIVE_COMPILATION_CONDITIONS = DEBUG;
				SWIFT_OPTIMIZATION_LEVEL = "-Onone";
			};
			name = Debug;
		};
		1E8DB8C4271D6835003DAE20 /* Release */ = {
			isa = XCBuildConfiguration;
			buildSettings = {
				ALWAYS_SEARCH_USER_PATHS = NO;
				CLANG_ANALYZER_NONNULL = YES;
				CLANG_ANALYZER_NUMBER_OBJECT_CONVERSION = YES_AGGRESSIVE;
				CLANG_CXX_LANGUAGE_STANDARD = "gnu++17";
				CLANG_CXX_LIBRARY = "libc++";
				CLANG_ENABLE_MODULES = YES;
				CLANG_ENABLE_OBJC_ARC = YES;
				CLANG_ENABLE_OBJC_WEAK = YES;
				CLANG_WARN_BLOCK_CAPTURE_AUTORELEASING = YES;
				CLANG_WARN_BOOL_CONVERSION = YES;
				CLANG_WARN_COMMA = YES;
				CLANG_WARN_CONSTANT_CONVERSION = YES;
				CLANG_WARN_DEPRECATED_OBJC_IMPLEMENTATIONS = YES;
				CLANG_WARN_DIRECT_OBJC_ISA_USAGE = YES_ERROR;
				CLANG_WARN_DOCUMENTATION_COMMENTS = YES;
				CLANG_WARN_EMPTY_BODY = YES;
				CLANG_WARN_ENUM_CONVERSION = YES;
				CLANG_WARN_INFINITE_RECURSION = YES;
				CLANG_WARN_INT_CONVERSION = YES;
				CLANG_WARN_NON_LITERAL_NULL_CONVERSION = YES;
				CLANG_WARN_OBJC_IMPLICIT_RETAIN_SELF = YES;
				CLANG_WARN_OBJC_LITERAL_CONVERSION = YES;
				CLANG_WARN_OBJC_ROOT_CLASS = YES_ERROR;
				CLANG_WARN_QUOTED_INCLUDE_IN_FRAMEWORK_HEADER = YES;
				CLANG_WARN_RANGE_LOOP_ANALYSIS = YES;
				CLANG_WARN_STRICT_PROTOTYPES = YES;
				CLANG_WARN_SUSPICIOUS_MOVE = YES;
				CLANG_WARN_UNGUARDED_AVAILABILITY = YES_AGGRESSIVE;
				CLANG_WARN_UNREACHABLE_CODE = YES;
				CLANG_WARN__DUPLICATE_METHOD_MATCH = YES;
				COPY_PHASE_STRIP = NO;
				DEBUG_INFORMATION_FORMAT = "dwarf-with-dsym";
				ENABLE_NS_ASSERTIONS = NO;
				ENABLE_STRICT_OBJC_MSGSEND = YES;
				GCC_C_LANGUAGE_STANDARD = gnu11;
				GCC_NO_COMMON_BLOCKS = YES;
				GCC_WARN_64_TO_32_BIT_CONVERSION = YES;
				GCC_WARN_ABOUT_RETURN_TYPE = YES_ERROR;
				GCC_WARN_UNDECLARED_SELECTOR = YES;
				GCC_WARN_UNINITIALIZED_AUTOS = YES_AGGRESSIVE;
				GCC_WARN_UNUSED_FUNCTION = YES;
				GCC_WARN_UNUSED_VARIABLE = YES;
				IPHONEOS_DEPLOYMENT_TARGET = 15.0;
				MTL_ENABLE_DEBUG_INFO = NO;
				MTL_FAST_MATH = YES;
				SDKROOT = iphoneos;
				SWIFT_COMPILATION_MODE = wholemodule;
				SWIFT_OPTIMIZATION_LEVEL = "-O";
				VALIDATE_PRODUCT = YES;
			};
			name = Release;
		};
		1E8DB8C6271D6835003DAE20 /* Debug */ = {
			isa = XCBuildConfiguration;
			buildSettings = {
				ASSETCATALOG_COMPILER_APPICON_NAME = AppIcon;
				ASSETCATALOG_COMPILER_GLOBAL_ACCENT_COLOR_NAME = AccentColor;
				CODE_SIGN_STYLE = Automatic;
				CURRENT_PROJECT_VERSION = 1;
				DEVELOPMENT_TEAM = FQP67L8BR4;
				GENERATE_INFOPLIST_FILE = YES;
				INFOPLIST_FILE = "Amal lab10/Info.plist";
				INFOPLIST_KEY_UIApplicationSupportsIndirectInputEvents = YES;
				INFOPLIST_KEY_UILaunchStoryboardName = LaunchScreen;
				INFOPLIST_KEY_UIMainStoryboardFile = Main;
				INFOPLIST_KEY_UISupportedInterfaceOrientations_iPad = "UIInterfaceOrientationPortrait UIInterfaceOrientationPortraitUpsideDown UIInterfaceOrientationLandscapeLeft UIInterfaceOrientationLandscapeRight";
				INFOPLIST_KEY_UISupportedInterfaceOrientations_iPhone = "UIInterfaceOrientationPortrait UIInterfaceOrientationLandscapeLeft UIInterfaceOrientationLandscapeRight";
				LD_RUNPATH_SEARCH_PATHS = (
					"$(inherited)",
					"@executable_path/Frameworks",
				);
				MARKETING_VERSION = 1.0;
				PRODUCT_BUNDLE_IDENTIFIER = "AMAL.Amal-lab10";
				PRODUCT_NAME = "$(TARGET_NAME)";
				SWIFT_EMIT_LOC_STRINGS = YES;
				SWIFT_VERSION = 5.0;
				TARGETED_DEVICE_FAMILY = "1,2";
			};
			name = Debug;
		};
		1E8DB8C7271D6835003DAE20 /* Release */ = {
			isa = XCBuildConfiguration;
			buildSettings = {
				ASSETCATALOG_COMPILER_APPICON_NAME = AppIcon;
				ASSETCATALOG_COMPILER_GLOBAL_ACCENT_COLOR_NAME = AccentColor;
				CODE_SIGN_STYLE = Automatic;
				CURRENT_PROJECT_VERSION = 1;
				DEVELOPMENT_TEAM = FQP67L8BR4;
				GENERATE_INFOPLIST_FILE = YES;
				INFOPLIST_FILE = "Amal lab10/Info.plist";
				INFOPLIST_KEY_UIApplicationSupportsIndirectInputEvents = YES;
				INFOPLIST_KEY_UILaunchStoryboardName = LaunchScreen;
				INFOPLIST_KEY_UIMainStoryboardFile = Main;
				INFOPLIST_KEY_UISupportedInterfaceOrientations_iPad = "UIInterfaceOrientationPortrait UIInterfaceOrientationPortraitUpsideDown UIInterfaceOrientationLandscapeLeft UIInterfaceOrientationLandscapeRight";
				INFOPLIST_KEY_UISupportedInterfaceOrientations_iPhone = "UIInterfaceOrientationPortrait UIInterfaceOrientationLandscapeLeft UIInterfaceOrientationLandscapeRight";
				LD_RUNPATH_SEARCH_PATHS = (
					"$(inherited)",
					"@executable_path/Frameworks",
				);
				MARKETING_VERSION = 1.0;
				PRODUCT_BUNDLE_IDENTIFIER = "AMAL.Amal-lab10";
				PRODUCT_NAME = "$(TARGET_NAME)";
				SWIFT_EMIT_LOC_STRINGS = YES;
				SWIFT_VERSION = 5.0;
				TARGETED_DEVICE_FAMILY = "1,2";
			};
			name = Release;
		};
		1E8DB8C9271D6835003DAE20 /* Debug */ = {
			isa = XCBuildConfiguration;
			buildSettings = {
				ALWAYS_EMBED_SWIFT_STANDARD_LIBRARIES = YES;
				BUNDLE_LOADER = "$(TEST_HOST)";
				CODE_SIGN_STYLE = Automatic;
				CURRENT_PROJECT_VERSION = 1;
				DEVELOPMENT_TEAM = FQP67L8BR4;
				GENERATE_INFOPLIST_FILE = YES;
				IPHONEOS_DEPLOYMENT_TARGET = 15.0;
				LD_RUNPATH_SEARCH_PATHS = (
					"$(inherited)",
					"@executable_path/Frameworks",
					"@loader_path/Frameworks",
				);
				MARKETING_VERSION = 1.0;
				PRODUCT_BUNDLE_IDENTIFIER = "AMAL.Amal-lab10Tests";
				PRODUCT_NAME = "$(TARGET_NAME)";
				SWIFT_EMIT_LOC_STRINGS = NO;
				SWIFT_VERSION = 5.0;
				TARGETED_DEVICE_FAMILY = "1,2";
				TEST_HOST = "$(BUILT_PRODUCTS_DIR)/Amal lab10.app/Amal lab10";
			};
			name = Debug;
		};
		1E8DB8CA271D6835003DAE20 /* Release */ = {
			isa = XCBuildConfiguration;
			buildSettings = {
				ALWAYS_EMBED_SWIFT_STANDARD_LIBRARIES = YES;
				BUNDLE_LOADER = "$(TEST_HOST)";
				CODE_SIGN_STYLE = Automatic;
				CURRENT_PROJECT_VERSION = 1;
				DEVELOPMENT_TEAM = FQP67L8BR4;
				GENERATE_INFOPLIST_FILE = YES;
				IPHONEOS_DEPLOYMENT_TARGET = 15.0;
				LD_RUNPATH_SEARCH_PATHS = (
					"$(inherited)",
					"@executable_path/Frameworks",
					"@loader_path/Frameworks",
				);
				MARKETING_VERSION = 1.0;
				PRODUCT_BUNDLE_IDENTIFIER = "AMAL.Amal-lab10Tests";
				PRODUCT_NAME = "$(TARGET_NAME)";
				SWIFT_EMIT_LOC_STRINGS = NO;
				SWIFT_VERSION = 5.0;
				TARGETED_DEVICE_FAMILY = "1,2";
				TEST_HOST = "$(BUILT_PRODUCTS_DIR)/Amal lab10.app/Amal lab10";
			};
			name = Release;
		};
		1E8DB8CC271D6835003DAE20 /* Debug */ = {
			isa = XCBuildConfiguration;
			buildSettings = {
				ALWAYS_EMBED_SWIFT_STANDARD_LIBRARIES = YES;
				CODE_SIGN_STYLE = Automatic;
				CURRENT_PROJECT_VERSION = 1;
				DEVELOPMENT_TEAM = FQP67L8BR4;
				GENERATE_INFOPLIST_FILE = YES;
				LD_RUNPATH_SEARCH_PATHS = (
					"$(inherited)",
					"@executable_path/Frameworks",
					"@loader_path/Frameworks",
				);
				MARKETING_VERSION = 1.0;
				PRODUCT_BUNDLE_IDENTIFIER = "AMAL.Amal-lab10UITests";
				PRODUCT_NAME = "$(TARGET_NAME)";
				SWIFT_EMIT_LOC_STRINGS = NO;
				SWIFT_VERSION = 5.0;
				TARGETED_DEVICE_FAMILY = "1,2";
				TEST_TARGET_NAME = "Amal lab10";
			};
			name = Debug;
		};
		1E8DB8CD271D6835003DAE20 /* Release */ = {
			isa = XCBuildConfiguration;
			buildSettings = {
				ALWAYS_EMBED_SWIFT_STANDARD_LIBRARIES = YES;
				CODE_SIGN_STYLE = Automatic;
				CURRENT_PROJECT_VERSION = 1;
				DEVELOPMENT_TEAM = FQP67L8BR4;
				GENERATE_INFOPLIST_FILE = YES;
				LD_RUNPATH_SEARCH_PATHS = (
					"$(inherited)",
					"@executable_path/Frameworks",
					"@loader_path/Frameworks",
				);
				MARKETING_VERSION = 1.0;
				PRODUCT_BUNDLE_IDENTIFIER = "AMAL.Amal-lab10UITests";
				PRODUCT_NAME = "$(TARGET_NAME)";
				SWIFT_EMIT_LOC_STRINGS = NO;
				SWIFT_VERSION = 5.0;
				TARGETED_DEVICE_FAMILY = "1,2";
				TEST_TARGET_NAME = "Amal lab10";
			};
			name = Release;
		};
/* End XCBuildConfiguration section */

/* Begin XCConfigurationList section */
		1E8DB896271D6835003DAE20 /* Build configuration list for PBXProject "Amal lab10" */ = {
			isa = XCConfigurationList;
			buildConfigurations = (
				1E8DB8C3271D6835003DAE20 /* Debug */,
				1E8DB8C4271D6835003DAE20 /* Release */,
			);
			defaultConfigurationIsVisible = 0;
			defaultConfigurationName = Release;
		};
		1E8DB8C5271D6835003DAE20 /* Build configuration list for PBXNativeTarget "Amal lab10" */ = {
			isa = XCConfigurationList;
			buildConfigurations = (
				1E8DB8C6271D6835003DAE20 /* Debug */,
				1E8DB8C7271D6835003DAE20 /* Release */,
			);
			defaultConfigurationIsVisible = 0;
			defaultConfigurationName = Release;
		};
		1E8DB8C8271D6835003DAE20 /* Build configuration list for PBXNativeTarget "Amal lab10Tests" */ = {
			isa = XCConfigurationList;
			buildConfigurations = (
				1E8DB8C9271D6835003DAE20 /* Debug */,
				1E8DB8CA271D6835003DAE20 /* Release */,
			);
			defaultConfigurationIsVisible = 0;
			defaultConfigurationName = Release;
		};
		1E8DB8CB271D6835003DAE20 /* Build configuration list for PBXNativeTarget "Amal lab10UITests" */ = {
			isa = XCConfigurationList;
			buildConfigurations = (
				1E8DB8CC271D6835003DAE20 /* Debug */,
				1E8DB8CD271D6835003DAE20 /* Release */,
			);
			defaultConfigurationIsVisible = 0;
			defaultConfigurationName = Release;
		};
/* End XCConfigurationList section */
	};
	rootObject = 1E8DB893271D6835003DAE20 /* Project object */;
}
